
Microsoft Visual Studio Solution File, Format Version 12.00
# Visual Studio Version 17
VisualStudioVersion = 17.14.36930.0 d17.14
MinimumVisualStudioVersion = 10.0.40219.1
Project("{FAE04EC0-301F-11D3-BF4B-00C04F79EFBC}") = "HockeyQuizApp", "HockeyQuizApp\HockeyQuizApp.csproj", "{196CCB26-6750-48EF-B030-F04F73D48408}"
EndProject
Global
	GlobalSection(SolutionConfigurationPlatforms) = preSolution
		Debug|Any CPU = Debug|Any CPU
		Release|Any CPU = Release|Any CPU
	EndGlobalSection
	GlobalSection(ProjectConfigurationPlatforms) = postSolution
		{196CCB26-6750-48EF-B030-F04F73D48408}.Debug|Any CPU.ActiveCfg = Debug|Any CPU
		{196CCB26-6750-48EF-B030-F04F73D48408}.Debug|Any CPU.Build.0 = Debug|Any CPU
		{196CCB26-6750-48EF-B030-F04F73D48408}.Release|Any CPU.ActiveCfg = Release|Any CPU
		{196CCB26-6750-48EF-B030-F04F73D48408}.Release|Any CPU.Build.0 = Release|Any CPU
	EndGlobalSection
	GlobalSection(SolutionProperties) = preSolution
		HideSolutionNode = FALSE
	EndGlobalSection
	GlobalSection(ExtensibilityGlobals) = postSolution
		SolutionGuid = {5B0966A7-57BF-4F3C-B9FD-5E0D5B5114FD}
	EndGlobalSection
EndGlobal
